// !$*UTF8*$!
{
	archiveVersion = 1;
	classes = {
	};
	objectVersion = 77;
	objects = {

/* Begin PBXBuildFile section */
		281CA7022DFED28C00AD3DDE /* WatchLandmarks Watch App.app in Embed Watch Content */ = {isa = PBXBuildFile; fileRef = 281CA6F82DFED28B00AD3DDE /* WatchLandmarks Watch App.app */; settings = {ATTRIBUTES = (RemoveHeadersOnCopy, ); }; };
		289DE66D2DFEF9750097C708 /* hikeData.json in Resources */ = {isa = PBXBuildFile; fileRef = 289DE6442DFEF9750097C708 /* hikeData.json */; };
		289DE66E2DFEF9750097C708 /* Assets.xcassets in Resources */ = {isa = PBXBuildFile; fileRef = 289DE66A2DFEF9750097C708 /* Assets.xcassets */; };
		289DE66F2DFEF9750097C708 /* Preview Assets.xcassets in Resources */ = {isa = PBXBuildFile; fileRef = 289DE6422DFEF9750097C708 /* Preview Assets.xcassets */; };
		289DE6702DFEF9750097C708 /* landmarkData.json in Resources */ = {isa = PBXBuildFile; fileRef = 289DE6452DFEF9750097C708 /* landmarkData.json */; };
		289DE6712DFEF9750097C708 /* MapView.swift in Sources */ = {isa = PBXBuildFile; fileRef = 289DE6542DFEF9750097C708 /* MapView.swift */; };
		289DE6722DFEF9750097C708 /* LandmarkRow.swift in Sources */ = {isa = PBXBuildFile; fileRef = 289DE65D2DFEF9750097C708 /* LandmarkRow.swift */; };
		289DE6732DFEF9750097C708 /* ProfileSummary.swift in Sources */ = {isa = PBXBuildFile; fileRef = 289DE6662DFEF9750097C708 /* ProfileSummary.swift */; };
		289DE6742DFEF9750097C708 /* Profile.swift in Sources */ = {isa = PBXBuildFile; fileRef = 289DE6402DFEF9750097C708 /* Profile.swift */; };
		289DE6752DFEF9750097C708 /* CategoryHome.swift in Sources */ = {isa = PBXBuildFile; fileRef = 289DE64E2DFEF9750097C708 /* CategoryHome.swift */; };
		289DE6762DFEF9750097C708 /* GraphCapsule.swift in Sources */ = {isa = PBXBuildFile; fileRef = 289DE6562DFEF9750097C708 /* GraphCapsule.swift */; };
		289DE6772DFEF9750097C708 /* ContentView.swift in Sources */ = {isa = PBXBuildFile; fileRef = 289DE6682DFEF9750097C708 /* ContentView.swift */; };
		289DE6782DFEF9750097C708 /* HikeDetail.swift in Sources */ = {isa = PBXBuildFile; fileRef = 289DE6572DFEF9750097C708 /* HikeDetail.swift */; };
		289DE6792DFEF9750097C708 /* CategoryItem.swift in Sources */ = {isa = PBXBuildFile; fileRef = 289DE64F2DFEF9750097C708 /* CategoryItem.swift */; };
		289DE67A2DFEF9750097C708 /* PageView.swift in Sources */ = {isa = PBXBuildFile; fileRef = 289DE6612DFEF9750097C708 /* PageView.swift */; };
		289DE67B2DFEF9750097C708 /* LandmarkList.swift in Sources */ = {isa = PBXBuildFile; fileRef = 289DE65C2DFEF9750097C708 /* LandmarkList.swift */; };
		289DE67C2DFEF9750097C708 /* ProfileHost.swift in Sources */ = {isa = PBXBuildFile; fileRef = 289DE6652DFEF9750097C708 /* ProfileHost.swift */; };
		289DE67D2DFEF9750097C708 /* BadgeBackground.swift in Sources */ = {isa = PBXBuildFile; fileRef = 289DE6482DFEF9750097C708 /* BadgeBackground.swift */; };
		289DE67E2DFEF9750097C708 /* PageControl.swift in Sources */ = {isa = PBXBuildFile; fileRef = 289DE6602DFEF9750097C708 /* PageControl.swift */; };
		289DE67F2DFEF9750097C708 /* Badge.swift in Sources */ = {isa = PBXBuildFile; fileRef = 289DE6472DFEF9750097C708 /* Badge.swift */; };
		289DE6802DFEF9750097C708 /* RotatedBadgeSymbol.swift in Sources */ = {isa = PBXBuildFile; fileRef = 289DE64C2DFEF9750097C708 /* RotatedBadgeSymbol.swift */; };
		289DE6812DFEF9750097C708 /* CategoryRow.swift in Sources */ = {isa = PBXBuildFile; fileRef = 289DE6502DFEF9750097C708 /* CategoryRow.swift */; };
		289DE6822DFEF9750097C708 /* LandmarkDetail.swift in Sources */ = {isa = PBXBuildFile; fileRef = 289DE65B2DFEF9750097C708 /* LandmarkDetail.swift */; };
		289DE6832DFEF9750097C708 /* FeatureCard.swift in Sources */ = {isa = PBXBuildFile; fileRef = 289DE65F2DFEF9750097C708 /* FeatureCard.swift */; };
		289DE6842DFEF9750097C708 /* ModelData.swift in Sources */ = {isa = PBXBuildFile; fileRef = 289DE63F2DFEF9750097C708 /* ModelData.swift */; };
		289DE6852DFEF9750097C708 /* LandmarksApp.swift in Sources */ = {isa = PBXBuildFile; fileRef = 289DE66B2DFEF9750097C708 /* LandmarksApp.swift */; };
		289DE6862DFEF9750097C708 /* Landmark.swift in Sources */ = {isa = PBXBuildFile; fileRef = 289DE63E2DFEF9750097C708 /* Landmark.swift */; };
		289DE6872DFEF9750097C708 /* FavoriteButton.swift in Sources */ = {isa = PBXBuildFile; fileRef = 289DE6532DFEF9750097C708 /* FavoriteButton.swift */; };
		289DE6882DFEF9750097C708 /* HikeGraph.swift in Sources */ = {isa = PBXBuildFile; fileRef = 289DE6582DFEF9750097C708 /* HikeGraph.swift */; };
		289DE6892DFEF9750097C708 /* HikeBadge.swift in Sources */ = {isa = PBXBuildFile; fileRef = 289DE64B2DFEF9750097C708 /* HikeBadge.swift */; };
		289DE68A2DFEF9750097C708 /* CircleImage.swift in Sources */ = {isa = PBXBuildFile; fileRef = 289DE6522DFEF9750097C708 /* CircleImage.swift */; };
		289DE68B2DFEF9750097C708 /* HexagonParameters.swift in Sources */ = {isa = PBXBuildFile; fileRef = 289DE64A2DFEF9750097C708 /* HexagonParameters.swift */; };
		289DE68C2DFEF9750097C708 /* BadgeSymbol.swift in Sources */ = {isa = PBXBuildFile; fileRef = 289DE6492DFEF9750097C708 /* BadgeSymbol.swift */; };
		289DE68D2DFEF9750097C708 /* HikeView.swift in Sources */ = {isa = PBXBuildFile; fileRef = 289DE6592DFEF9750097C708 /* HikeView.swift */; };
		289DE68E2DFEF9750097C708 /* Hike.swift in Sources */ = {isa = PBXBuildFile; fileRef = 289DE63D2DFEF9750097C708 /* Hike.swift */; };
		289DE68F2DFEF9750097C708 /* PageViewController.swift in Sources */ = {isa = PBXBuildFile; fileRef = 289DE6622DFEF9750097C708 /* PageViewController.swift */; };
		289DE6902DFEF9750097C708 /* ProfileEditor.swift in Sources */ = {isa = PBXBuildFile; fileRef = 289DE6642DFEF9750097C708 /* ProfileEditor.swift */; };
/* End PBXBuildFile section */

/* Begin PBXContainerItemProxy section */
		281CA7002DFED28C00AD3DDE /* PBXContainerItemProxy */ = {
			isa = PBXContainerItemProxy;
			containerPortal = 284B14142DFA99C700F11465 /* Project object */;
			proxyType = 1;
			remoteGlobalIDString = 281CA6F72DFED28B00AD3DDE;
			remoteInfo = "WatchLandmarks Watch App";
		};
/* End PBXContainerItemProxy section */

/* Begin PBXCopyFilesBuildPhase section */
		281CA7062DFED28C00AD3DDE /* Embed Watch Content */ = {
			isa = PBXCopyFilesBuildPhase;
			buildActionMask = 2147483647;
			dstPath = "$(CONTENTS_FOLDER_PATH)/Watch";
			dstSubfolderSpec = 16;
			files = (
				281CA7022DFED28C00AD3DDE /* WatchLandmarks Watch App.app in Embed Watch Content */,
			);
			name = "Embed Watch Content";
			runOnlyForDeploymentPostprocessing = 0;
		};
/* End PBXCopyFilesBuildPhase section */

/* Begin PBXFileReference section */
		281CA6F82DFED28B00AD3DDE /* WatchLandmarks Watch App.app */ = {isa = PBXFileReference; explicitFileType = wrapper.application; includeInIndex = 0; path = "WatchLandmarks Watch App.app"; sourceTree = BUILT_PRODUCTS_DIR; };
		282E635E2DFEF1D200FD6C60 /* MacLandmarks.app */ = {isa = PBXFileReference; explicitFileType = wrapper.application; includeInIndex = 0; path = MacLandmarks.app; sourceTree = BUILT_PRODUCTS_DIR; };
		284B141C2DFA99C700F11465 /* Landmark.app */ = {isa = PBXFileReference; explicitFileType = wrapper.application; includeInIndex = 0; path = Landmark.app; sourceTree = BUILT_PRODUCTS_DIR; };
		289DE63D2DFEF9750097C708 /* Hike.swift */ = {isa = PBXFileReference; lastKnownFileType = sourcecode.swift; path = Hike.swift; sourceTree = "<group>"; };
		289DE63E2DFEF9750097C708 /* Landmark.swift */ = {isa = PBXFileReference; lastKnownFileType = sourcecode.swift; path = Landmark.swift; sourceTree = "<group>"; };
		289DE63F2DFEF9750097C708 /* ModelData.swift */ = {isa = PBXFileReference; lastKnownFileType = sourcecode.swift; path = ModelData.swift; sourceTree = "<group>"; };
		289DE6402DFEF9750097C708 /* Profile.swift */ = {isa = PBXFileReference; lastKnownFileType = sourcecode.swift; path = Profile.swift; sourceTree = "<group>"; };
		289DE6422DFEF9750097C708 /* Preview Assets.xcassets */ = {isa = PBXFileReference; lastKnownFileType = folder.assetcatalog; path = "Preview Assets.xcassets"; sourceTree = "<group>"; };
		289DE6442DFEF9750097C708 /* hikeData.json */ = {isa = PBXFileReference; lastKnownFileType = text.json; path = hikeData.json; sourceTree = "<group>"; };
		289DE6452DFEF9750097C708 /* landmarkData.json */ = {isa = PBXFileReference; lastKnownFileType = text.json; path = landmarkData.json; sourceTree = "<group>"; };
		289DE6472DFEF9750097C708 /* Badge.swift */ = {isa = PBXFileReference; lastKnownFileType = sourcecode.swift; path = Badge.swift; sourceTree = "<group>"; };
		289DE6482DFEF9750097C708 /* BadgeBackground.swift */ = {isa = PBXFileReference; lastKnownFileType = sourcecode.swift; path = BadgeBackground.swift; sourceTree = "<group>"; };
		289DE6492DFEF9750097C708 /* BadgeSymbol.swift */ = {isa = PBXFileReference; lastKnownFileType = sourcecode.swift; path = BadgeSymbol.swift; sourceTree = "<group>"; };
		289DE64A2DFEF9750097C708 /* HexagonParameters.swift */ = {isa = PBXFileReference; lastKnownFileType = sourcecode.swift; path = HexagonParameters.swift; sourceTree = "<group>"; };
		289DE64B2DFEF9750097C708 /* HikeBadge.swift */ = {isa = PBXFileReference; lastKnownFileType = sourcecode.swift; path = HikeBadge.swift; sourceTree = "<group>"; };
		289DE64C2DFEF9750097C708 /* RotatedBadgeSymbol.swift */ = {isa = PBXFileReference; lastKnownFileType = sourcecode.swift; path = RotatedBadgeSymbol.swift; sourceTree = "<group>"; };
		289DE64E2DFEF9750097C708 /* CategoryHome.swift */ = {isa = PBXFileReference; lastKnownFileType = sourcecode.swift; path = CategoryHome.swift; sourceTree = "<group>"; };
		289DE64F2DFEF9750097C708 /* CategoryItem.swift */ = {isa = PBXFileReference; lastKnownFileType = sourcecode.swift; path = CategoryItem.swift; sourceTree = "<group>"; };
		289DE6502DFEF9750097C708 /* CategoryRow.swift */ = {isa = PBXFileReference; lastKnownFileType = sourcecode.swift; path = CategoryRow.swift; sourceTree = "<group>"; };
		289DE6522DFEF9750097C708 /* CircleImage.swift */ = {isa = PBXFileReference; lastKnownFileType = sourcecode.swift; path = CircleImage.swift; sourceTree = "<group>"; };
		289DE6532DFEF9750097C708 /* FavoriteButton.swift */ = {isa = PBXFileReference; lastKnownFileType = sourcecode.swift; path = FavoriteButton.swift; sourceTree = "<group>"; };
		289DE6542DFEF9750097C708 /* MapView.swift */ = {isa = PBXFileReference; lastKnownFileType = sourcecode.swift; path = MapView.swift; sourceTree = "<group>"; };
		289DE6562DFEF9750097C708 /* GraphCapsule.swift */ = {isa = PBXFileReference; lastKnownFileType = sourcecode.swift; path = GraphCapsule.swift; sourceTree = "<group>"; };
		289DE6572DFEF9750097C708 /* HikeDetail.swift */ = {isa = PBXFileReference; lastKnownFileType = sourcecode.swift; path = HikeDetail.swift; sourceTree = "<group>"; };
		289DE6582DFEF9750097C708 /* HikeGraph.swift */ = {isa = PBXFileReference; lastKnownFileType = sourcecode.swift; path = HikeGraph.swift; sourceTree = "<group>"; };
		289DE6592DFEF9750097C708 /* HikeView.swift */ = {isa = PBXFileReference; lastKnownFileType = sourcecode.swift; path = HikeView.swift; sourceTree = "<group>"; };
		289DE65B2DFEF9750097C708 /* LandmarkDetail.swift */ = {isa = PBXFileReference; lastKnownFileType = sourcecode.swift; path = LandmarkDetail.swift; sourceTree = "<group>"; };
		289DE65C2DFEF9750097C708 /* LandmarkList.swift */ = {isa = PBXFileReference; lastKnownFileType = sourcecode.swift; path = LandmarkList.swift; sourceTree = "<group>"; };
		289DE65D2DFEF9750097C708 /* LandmarkRow.swift */ = {isa = PBXFileReference; lastKnownFileType = sourcecode.swift; path = LandmarkRow.swift; sourceTree = "<group>"; };
		289DE65F2DFEF9750097C708 /* FeatureCard.swift */ = {isa = PBXFileReference; lastKnownFileType = sourcecode.swift; path = FeatureCard.swift; sourceTree = "<group>"; };
		289DE6602DFEF9750097C708 /* PageControl.swift */ = {isa = PBXFileReference; lastKnownFileType = sourcecode.swift; path = PageControl.swift; sourceTree = "<group>"; };
		289DE6612DFEF9750097C708 /* PageView.swift */ = {isa = PBXFileReference; lastKnownFileType = sourcecode.swift; path = PageView.swift; sourceTree = "<group>"; };
		289DE6622DFEF9750097C708 /* PageViewController.swift */ = {isa = PBXFileReference; lastKnownFileType = sourcecode.swift; path = PageViewController.swift; sourceTree = "<group>"; };
		289DE6642DFEF9750097C708 /* ProfileEditor.swift */ = {isa = PBXFileReference; lastKnownFileType = sourcecode.swift; path = ProfileEditor.swift; sourceTree = "<group>"; };
		289DE6652DFEF9750097C708 /* ProfileHost.swift */ = {isa = PBXFileReference; lastKnownFileType = sourcecode.swift; path = ProfileHost.swift; sourceTree = "<group>"; };
		289DE6662DFEF9750097C708 /* ProfileSummary.swift */ = {isa = PBXFileReference; lastKnownFileType = sourcecode.swift; path = ProfileSummary.swift; sourceTree = "<group>"; };
		289DE6682DFEF9750097C708 /* ContentView.swift */ = {isa = PBXFileReference; lastKnownFileType = sourcecode.swift; path = ContentView.swift; sourceTree = "<group>"; };
		289DE66A2DFEF9750097C708 /* Assets.xcassets */ = {isa = PBXFileReference; lastKnownFileType = folder.assetcatalog; path = Assets.xcassets; sourceTree = "<group>"; };
		289DE66B2DFEF9750097C708 /* LandmarksApp.swift */ = {isa = PBXFileReference; lastKnownFileType = sourcecode.swift; path = LandmarksApp.swift; sourceTree = "<group>"; };
/* End PBXFileReference section */

/* Begin PBXFrameworksBuildPhase section */
		281CA6F52DFED28B00AD3DDE /* Frameworks */ = {
			isa = PBXFrameworksBuildPhase;
			buildActionMask = 2147483647;
			files = (
			);
			runOnlyForDeploymentPostprocessing = 0;
		};
		282E635B2DFEF1D200FD6C60 /* Frameworks */ = {
			isa = PBXFrameworksBuildPhase;
			buildActionMask = 2147483647;
			files = (
			);
			runOnlyForDeploymentPostprocessing = 0;
		};
		284B14192DFA99C700F11465 /* Frameworks */ = {
			isa = PBXFrameworksBuildPhase;
			buildActionMask = 2147483647;
			files = (
			);
			runOnlyForDeploymentPostprocessing = 0;
		};
/* End PBXFrameworksBuildPhase section */

/* Begin PBXGroup section */
		284B14132DFA99C700F11465 = {
			isa = PBXGroup;
			children = (
				289DE66C2DFEF9750097C708 /* Landmarks */,
				284B141D2DFA99C700F11465 /* Products */,
			);
			sourceTree = "<group>";
		};
		284B141D2DFA99C700F11465 /* Products */ = {
			isa = PBXGroup;
			children = (
				284B141C2DFA99C700F11465 /* Landmark.app */,
				281CA6F82DFED28B00AD3DDE /* WatchLandmarks Watch App.app */,
				282E635E2DFEF1D200FD6C60 /* MacLandmarks.app */,
			);
			name = Products;
			sourceTree = "<group>";
		};
		289DE6412DFEF9750097C708 /* Model */ = {
			isa = PBXGroup;
			children = (
				289DE63D2DFEF9750097C708 /* Hike.swift */,
				289DE63E2DFEF9750097C708 /* Landmark.swift */,
				289DE63F2DFEF9750097C708 /* ModelData.swift */,
				289DE6402DFEF9750097C708 /* Profile.swift */,
			);
			path = Model;
			sourceTree = "<group>";
		};
		289DE6432DFEF9750097C708 /* Preview Content */ = {
			isa = PBXGroup;
			children = (
				289DE6422DFEF9750097C708 /* Preview Assets.xcassets */,
			);
			path = "Preview Content";
			sourceTree = "<group>";
		};
		289DE6462DFEF9750097C708 /* Resources */ = {
			isa = PBXGroup;
			children = (
				289DE6442DFEF9750097C708 /* hikeData.json */,
				289DE6452DFEF9750097C708 /* landmarkData.json */,
			);
			path = Resources;
			sourceTree = "<group>";
		};
		289DE64D2DFEF9750097C708 /* Badges */ = {
			isa = PBXGroup;
			children = (
				289DE6472DFEF9750097C708 /* Badge.swift */,
				289DE6482DFEF9750097C708 /* BadgeBackground.swift */,
				289DE6492DFEF9750097C708 /* BadgeSymbol.swift */,
				289DE64A2DFEF9750097C708 /* HexagonParameters.swift */,
				289DE64B2DFEF9750097C708 /* HikeBadge.swift */,
				289DE64C2DFEF9750097C708 /* RotatedBadgeSymbol.swift */,
			);
			path = Badges;
			sourceTree = "<group>";
		};
		289DE6512DFEF9750097C708 /* Categories */ = {
			isa = PBXGroup;
			children = (
				289DE64E2DFEF9750097C708 /* CategoryHome.swift */,
				289DE64F2DFEF9750097C708 /* CategoryItem.swift */,
				289DE6502DFEF9750097C708 /* CategoryRow.swift */,
			);
			path = Categories;
			sourceTree = "<group>";
		};
		289DE6552DFEF9750097C708 /* Helpers */ = {
			isa = PBXGroup;
			children = (
				289DE6522DFEF9750097C708 /* CircleImage.swift */,
				289DE6532DFEF9750097C708 /* FavoriteButton.swift */,
				289DE6542DFEF9750097C708 /* MapView.swift */,
			);
			path = Helpers;
			sourceTree = "<group>";
		};
		289DE65A2DFEF9750097C708 /* Hikes */ = {
			isa = PBXGroup;
			children = (
				289DE6562DFEF9750097C708 /* GraphCapsule.swift */,
				289DE6572DFEF9750097C708 /* HikeDetail.swift */,
				289DE6582DFEF9750097C708 /* HikeGraph.swift */,
				289DE6592DFEF9750097C708 /* HikeView.swift */,
			);
			path = Hikes;
			sourceTree = "<group>";
		};
		289DE65E2DFEF9750097C708 /* Landmarks */ = {
			isa = PBXGroup;
			children = (
				289DE65B2DFEF9750097C708 /* LandmarkDetail.swift */,
				289DE65C2DFEF9750097C708 /* LandmarkList.swift */,
				289DE65D2DFEF9750097C708 /* LandmarkRow.swift */,
			);
			path = Landmarks;
			sourceTree = "<group>";
		};
		289DE6632DFEF9750097C708 /* PageView */ = {
			isa = PBXGroup;
			children = (
				289DE65F2DFEF9750097C708 /* FeatureCard.swift */,
				289DE6602DFEF9750097C708 /* PageControl.swift */,
				289DE6612DFEF9750097C708 /* PageView.swift */,
				289DE6622DFEF9750097C708 /* PageViewController.swift */,
			);
			path = PageView;
			sourceTree = "<group>";
		};
		289DE6672DFEF9750097C708 /* Profiles */ = {
			isa = PBXGroup;
			children = (
				289DE6642DFEF9750097C708 /* ProfileEditor.swift */,
				289DE6652DFEF9750097C708 /* ProfileHost.swift */,
				289DE6662DFEF9750097C708 /* ProfileSummary.swift */,
			);
			path = Profiles;
			sourceTree = "<group>";
		};
		289DE6692DFEF9750097C708 /* Views */ = {
			isa = PBXGroup;
			children = (
				289DE64D2DFEF9750097C708 /* Badges */,
				289DE6512DFEF9750097C708 /* Categories */,
				289DE6552DFEF9750097C708 /* Helpers */,
				289DE65A2DFEF9750097C708 /* Hikes */,
				289DE65E2DFEF9750097C708 /* Landmarks */,
				289DE6632DFEF9750097C708 /* PageView */,
				289DE6672DFEF9750097C708 /* Profiles */,
				289DE6682DFEF9750097C708 /* ContentView.swift */,
			);
			path = Views;
			sourceTree = "<group>";
		};
		289DE66C2DFEF9750097C708 /* Landmarks */ = {
			isa = PBXGroup;
			children = (
				289DE6412DFEF9750097C708 /* Model */,
				289DE6432DFEF9750097C708 /* Preview Content */,
				289DE6462DFEF9750097C708 /* Resources */,
				289DE6692DFEF9750097C708 /* Views */,
				289DE66A2DFEF9750097C708 /* Assets.xcassets */,
				289DE66B2DFEF9750097C708 /* LandmarksApp.swift */,
			);
			path = Landmarks;
			sourceTree = "<group>";
		};
/* End PBXGroup section */

/* Begin PBXNativeTarget section */
		281CA6F72DFED28B00AD3DDE /* WatchLandmarks Watch App */ = {
			isa = PBXNativeTarget;
			buildConfigurationList = 281CA7032DFED28C00AD3DDE /* Build configuration list for PBXNativeTarget "WatchLandmarks Watch App" */;
			buildPhases = (
				281CA6F42DFED28B00AD3DDE /* Sources */,
				281CA6F52DFED28B00AD3DDE /* Frameworks */,
				281CA6F62DFED28B00AD3DDE /* Resources */,
			);
			buildRules = (
			);
			dependencies = (
			);
			name = "WatchLandmarks Watch App";
			packageProductDependencies = (
			);
			productName = "WatchLandmarks Watch App";
			productReference = 281CA6F82DFED28B00AD3DDE /* WatchLandmarks Watch App.app */;
			productType = "com.apple.product-type.application";
		};
		282E635D2DFEF1D200FD6C60 /* MacLandmarks */ = {
			isa = PBXNativeTarget;
			buildConfigurationList = 282E63672DFEF1D300FD6C60 /* Build configuration list for PBXNativeTarget "MacLandmarks" */;
			buildPhases = (
				282E635A2DFEF1D200FD6C60 /* Sources */,
				282E635B2DFEF1D200FD6C60 /* Frameworks */,
				282E635C2DFEF1D200FD6C60 /* Resources */,
			);
			buildRules = (
			);
			dependencies = (
			);
			name = MacLandmarks;
			packageProductDependencies = (
			);
			productName = MacLandmarks;
			productReference = 282E635E2DFEF1D200FD6C60 /* MacLandmarks.app */;
			productType = "com.apple.product-type.application";
		};
		284B141B2DFA99C700F11465 /* Landmark */ = {
			isa = PBXNativeTarget;
			buildConfigurationList = 284B14272DFA99C800F11465 /* Build configuration list for PBXNativeTarget "Landmark" */;
			buildPhases = (
				284B14182DFA99C700F11465 /* Sources */,
				284B14192DFA99C700F11465 /* Frameworks */,
				284B141A2DFA99C700F11465 /* Resources */,
				281CA7062DFED28C00AD3DDE /* Embed Watch Content */,
			);
			buildRules = (
			);
			dependencies = (
				281CA7012DFED28C00AD3DDE /* PBXTargetDependency */,
			);
			name = Landmark;
			packageProductDependencies = (
			);
			productName = Landmark;
			productReference = 284B141C2DFA99C700F11465 /* Landmark.app */;
			productType = "com.apple.product-type.application";
		};
/* End PBXNativeTarget section */

/* Begin PBXProject section */
		284B14142DFA99C700F11465 /* Project object */ = {
			isa = PBXProject;
			attributes = {
				BuildIndependentTargetsInParallel = 1;
				LastSwiftUpdateCheck = 1630;
				LastUpgradeCheck = 1630;
				TargetAttributes = {
					281CA6F72DFED28B00AD3DDE = {
						CreatedOnToolsVersion = 16.3;
					};
					282E635D2DFEF1D200FD6C60 = {
						CreatedOnToolsVersion = 16.3;
					};
					284B141B2DFA99C700F11465 = {
						CreatedOnToolsVersion = 16.3;
					};
				};
			};
			buildConfigurationList = 284B14172DFA99C700F11465 /* Build configuration list for PBXProject "Landmark" */;
			developmentRegion = en;
			hasScannedForEncodings = 0;
			knownRegions = (
				en,
				Base,
			);
			mainGroup = 284B14132DFA99C700F11465;
			minimizedProjectReferenceProxies = 1;
			preferredProjectObjectVersion = 77;
			productRefGroup = 284B141D2DFA99C700F11465 /* Products */;
			projectDirPath = "";
			projectRoot = "";
			targets = (
				284B141B2DFA99C700F11465 /* Landmark */,
				281CA6F72DFED28B00AD3DDE /* WatchLandmarks Watch App */,
				282E635D2DFEF1D200FD6C60 /* MacLandmarks */,
			);
		};
/* End PBXProject section */

/* Begin PBXResourcesBuildPhase section */
		281CA6F62DFED28B00AD3DDE /* Resources */ = {
			isa = PBXResourcesBuildPhase;
			buildActionMask = 2147483647;
			files = (
			);
			runOnlyForDeploymentPostprocessing = 0;
		};
		282E635C2DFEF1D200FD6C60 /* Resources */ = {
			isa = PBXResourcesBuildPhase;
			buildActionMask = 2147483647;
			files = (
			);
			runOnlyForDeploymentPostprocessing = 0;
		};
		284B141A2DFA99C700F11465 /* Resources */ = {
			isa = PBXResourcesBuildPhase;
			buildActionMask = 2147483647;
			files = (
				289DE66D2DFEF9750097C708 /* hikeData.json in Resources */,
				289DE66E2DFEF9750097C708 /* Assets.xcassets in Resources */,
				289DE66F2DFEF9750097C708 /* Preview Assets.xcassets in Resources */,
				289DE6702DFEF9750097C708 /* landmarkData.json in Resources */,
			);
			runOnlyForDeploymentPostprocessing = 0;
		};
/* End PBXResourcesBuildPhase section */

/* Begin PBXSourcesBuildPhase section */
		281CA6F42DFED28B00AD3DDE /* Sources */ = {
			isa = PBXSourcesBuildPhase;
			buildActionMask = 2147483647;
			files = (
			);
			runOnlyForDeploymentPostprocessing = 0;
		};
		282E635A2DFEF1D200FD6C60 /* Sources */ = {
			isa = PBXSourcesBuildPhase;
			buildActionMask = 2147483647;
			files = (
			);
			runOnlyForDeploymentPostprocessing = 0;
		};
		284B14182DFA99C700F11465 /* Sources */ = {
			isa = PBXSourcesBuildPhase;
			buildActionMask = 2147483647;
			files = (
				289DE6712DFEF9750097C708 /* MapView.swift in Sources */,
				289DE6722DFEF9750097C708 /* LandmarkRow.swift in Sources */,
				289DE6732DFEF9750097C708 /* ProfileSummary.swift in Sources */,
				289DE6742DFEF9750097C708 /* Profile.swift in Sources */,
				289DE6752DFEF9750097C708 /* CategoryHome.swift in Sources */,
				289DE6762DFEF9750097C708 /* GraphCapsule.swift in Sources */,
				289DE6772DFEF9750097C708 /* ContentView.swift in Sources */,
				289DE6782DFEF9750097C708 /* HikeDetail.swift in Sources */,
				289DE6792DFEF9750097C708 /* CategoryItem.swift in Sources */,
				289DE67A2DFEF9750097C708 /* PageView.swift in Sources */,
				289DE67B2DFEF9750097C708 /* LandmarkList.swift in Sources */,
				289DE67C2DFEF9750097C708 /* ProfileHost.swift in Sources */,
				289DE67D2DFEF9750097C708 /* BadgeBackground.swift in Sources */,
				289DE67E2DFEF9750097C708 /* PageControl.swift in Sources */,
				289DE67F2DFEF9750097C708 /* Badge.swift in Sources */,
				289DE6802DFEF9750097C708 /* RotatedBadgeSymbol.swift in Sources */,
				289DE6812DFEF9750097C708 /* CategoryRow.swift in Sources */,
				289DE6822DFEF9750097C708 /* LandmarkDetail.swift in Sources */,
				289DE6832DFEF9750097C708 /* FeatureCard.swift in Sources */,
				289DE6842DFEF9750097C708 /* ModelData.swift in Sources */,
				289DE6852DFEF9750097C708 /* LandmarksApp.swift in Sources */,
				289DE6862DFEF9750097C708 /* Landmark.swift in Sources */,
				289DE6872DFEF9750097C708 /* FavoriteButton.swift in Sources */,
				289DE6882DFEF9750097C708 /* HikeGraph.swift in Sources */,
				289DE6892DFEF9750097C708 /* HikeBadge.swift in Sources */,
				289DE68A2DFEF9750097C708 /* CircleImage.swift in Sources */,
				289DE68B2DFEF9750097C708 /* HexagonParameters.swift in Sources */,
				289DE68C2DFEF9750097C708 /* BadgeSymbol.swift in Sources */,
				289DE68D2DFEF9750097C708 /* HikeView.swift in Sources */,
				289DE68E2DFEF9750097C708 /* Hike.swift in Sources */,
				289DE68F2DFEF9750097C708 /* PageViewController.swift in Sources */,
				289DE6902DFEF9750097C708 /* ProfileEditor.swift in Sources */,
			);
			runOnlyForDeploymentPostprocessing = 0;
		};
/* End PBXSourcesBuildPhase section */

/* Begin PBXTargetDependency section */
		281CA7012DFED28C00AD3DDE /* PBXTargetDependency */ = {
			isa = PBXTargetDependency;
			target = 281CA6F72DFED28B00AD3DDE /* WatchLandmarks Watch App */;
			targetProxy = 281CA7002DFED28C00AD3DDE /* PBXContainerItemProxy */;
		};
/* End PBXTargetDependency section */

/* Begin XCBuildConfiguration section */
		281CA7042DFED28C00AD3DDE /* Debug */ = {
			isa = XCBuildConfiguration;
			buildSettings = {
				ASSETCATALOG_COMPILER_APPICON_NAME = AppIcon;
				ASSETCATALOG_COMPILER_GLOBAL_ACCENT_COLOR_NAME = AccentColor;
				CODE_SIGN_STYLE = Automatic;
				CURRENT_PROJECT_VERSION = 1;
				DEVELOPMENT_TEAM = H4HJ56S3N2;
				ENABLE_PREVIEWS = YES;
				GENERATE_INFOPLIST_FILE = YES;
				INFOPLIST_KEY_CFBundleDisplayName = WatchLandmarks;
				INFOPLIST_KEY_UISupportedInterfaceOrientations = "UIInterfaceOrientationPortrait UIInterfaceOrientationPortraitUpsideDown";
				INFOPLIST_KEY_WKCompanionAppBundleIdentifier = com.HisnameisSky.Landmark;
				INFOPLIST_KEY_WKRunsIndependentlyOfCompanionApp = YES;
				LD_RUNPATH_SEARCH_PATHS = (
					"$(inherited)",
					"@executable_path/Frameworks",
				);
				MARKETING_VERSION = 1.0;
				PRODUCT_BUNDLE_IDENTIFIER = com.HisnameisSky.Landmark.watchkitapp;
				PRODUCT_NAME = "$(TARGET_NAME)";
				SDKROOT = watchos;
				SKIP_INSTALL = YES;
				SWIFT_EMIT_LOC_STRINGS = YES;
				SWIFT_VERSION = 5.0;
				TARGETED_DEVICE_FAMILY = 4;
				WATCHOS_DEPLOYMENT_TARGET = 11.4;
			};
			name = Debug;
		};
		281CA7052DFED28C00AD3DDE /* Release */ = {
			isa = XCBuildConfiguration;
			buildSettings = {
				ASSETCATALOG_COMPILER_APPICON_NAME = AppIcon;
				ASSETCATALOG_COMPILER_GLOBAL_ACCENT_COLOR_NAME = AccentColor;
				CODE_SIGN_STYLE = Automatic;
				CURRENT_PROJECT_VERSION = 1;
				DEVELOPMENT_TEAM = H4HJ56S3N2;
				ENABLE_PREVIEWS = YES;
				GENERATE_INFOPLIST_FILE = YES;
				INFOPLIST_KEY_CFBundleDisplayName = WatchLandmarks;
				INFOPLIST_KEY_UISupportedInterfaceOrientations = "UIInterfaceOrientationPortrait UIInterfaceOrientationPortraitUpsideDown";
				INFOPLIST_KEY_WKCompanionAppBundleIdentifier = com.HisnameisSky.Landmark;
				INFOPLIST_KEY_WKRunsIndependentlyOfCompanionApp = YES;
				LD_RUNPATH_SEARCH_PATHS = (
					"$(inherited)",
					"@executable_path/Frameworks",
				);
				MARKETING_VERSION = 1.0;
				PRODUCT_BUNDLE_IDENTIFIER = com.HisnameisSky.Landmark.watchkitapp;
				PRODUCT_NAME = "$(TARGET_NAME)";
				SDKROOT = watchos;
				SKIP_INSTALL = YES;
				SWIFT_EMIT_LOC_STRINGS = YES;
				SWIFT_VERSION = 5.0;
				TARGETED_DEVICE_FAMILY = 4;
				WATCHOS_DEPLOYMENT_TARGET = 11.4;
			};
			name = Release;
		};
		282E63682DFEF1D300FD6C60 /* Debug */ = {
			isa = XCBuildConfiguration;
			buildSettings = {
				ASSETCATALOG_COMPILER_APPICON_NAME = AppIcon;
				ASSETCATALOG_COMPILER_GLOBAL_ACCENT_COLOR_NAME = AccentColor;
				CODE_SIGN_ENTITLEMENTS = MacLandmarks/MacLandmarks.entitlements;
				CODE_SIGN_STYLE = Automatic;
				COMBINE_HIDPI_IMAGES = YES;
				CURRENT_PROJECT_VERSION = 1;
				DEVELOPMENT_TEAM = H4HJ56S3N2;
				ENABLE_HARDENED_RUNTIME = YES;
				ENABLE_PREVIEWS = YES;
				GENERATE_INFOPLIST_FILE = YES;
				INFOPLIST_KEY_NSHumanReadableCopyright = "";
				LD_RUNPATH_SEARCH_PATHS = (
					"$(inherited)",
					"@executable_path/../Frameworks",
				);
				MACOSX_DEPLOYMENT_TARGET = 15.4;
				MARKETING_VERSION = 1.0;
				PRODUCT_BUNDLE_IDENTIFIER = com.HisnameisSky.MacLandmarks;
				PRODUCT_NAME = "$(TARGET_NAME)";
				REGISTER_APP_GROUPS = YES;
				SDKROOT = macosx;
				SWIFT_EMIT_LOC_STRINGS = YES;
				SWIFT_VERSION = 5.0;
			};
			name = Debug;
		};
		282E63692DFEF1D300FD6C60 /* Release */ = {
			isa = XCBuildConfiguration;
			buildSettings = {
				ASSETCATALOG_COMPILER_APPICON_NAME = AppIcon;
				ASSETCATALOG_COMPILER_GLOBAL_ACCENT_COLOR_NAME = AccentColor;
				CODE_SIGN_ENTITLEMENTS = MacLandmarks/MacLandmarks.entitlements;
				CODE_SIGN_STYLE = Automatic;
				COMBINE_HIDPI_IMAGES = YES;
				CURRENT_PROJECT_VERSION = 1;
				DEVELOPMENT_TEAM = H4HJ56S3N2;
				ENABLE_HARDENED_RUNTIME = YES;
				ENABLE_PREVIEWS = YES;
				GENERATE_INFOPLIST_FILE = YES;
				INFOPLIST_KEY_NSHumanReadableCopyright = "";
				LD_RUNPATH_SEARCH_PATHS = (
					"$(inherited)",
					"@executable_path/../Frameworks",
				);
				MACOSX_DEPLOYMENT_TARGET = 15.4;
				MARKETING_VERSION = 1.0;
				PRODUCT_BUNDLE_IDENTIFIER = com.HisnameisSky.MacLandmarks;
				PRODUCT_NAME = "$(TARGET_NAME)";
				REGISTER_APP_GROUPS = YES;
				SDKROOT = macosx;
				SWIFT_EMIT_LOC_STRINGS = YES;
				SWIFT_VERSION = 5.0;
			};
			name = Release;
		};
		284B14252DFA99C800F11465 /* Debug */ = {
			isa = XCBuildConfiguration;
			buildSettings = {
				ALWAYS_SEARCH_USER_PATHS = NO;
				ASSETCATALOG_COMPILER_GENERATE_SWIFT_ASSET_SYMBOL_EXTENSIONS = YES;
				CLANG_ANALYZER_NONNULL = YES;
				CLANG_ANALYZER_NUMBER_OBJECT_CONVERSION = YES_AGGRESSIVE;
				CLANG_CXX_LANGUAGE_STANDARD = "gnu++20";
				CLANG_ENABLE_MODULES = YES;
				CLANG_ENABLE_OBJC_ARC = YES;
				CLANG_ENABLE_OBJC_WEAK = YES;
				CLANG_WARN_BLOCK_CAPTURE_AUTORELEASING = YES;
				CLANG_WARN_BOOL_CONVERSION = YES;
				CLANG_WARN_COMMA = YES;
				CLANG_WARN_CONSTANT_CONVERSION = YES;
				CLANG_WARN_DEPRECATED_OBJC_IMPLEMENTATIONS = YES;
				CLANG_WARN_DIRECT_OBJC_ISA_USAGE = YES_ERROR;
				CLANG_WARN_DOCUMENTATION_COMMENTS = YES;
				CLANG_WARN_EMPTY_BODY = YES;
				CLANG_WARN_ENUM_CONVERSION = YES;
				CLANG_WARN_INFINITE_RECURSION = YES;
				CLANG_WARN_INT_CONVERSION = YES;
				CLANG_WARN_NON_LITERAL_NULL_CONVERSION = YES;
				CLANG_WARN_OBJC_IMPLICIT_RETAIN_SELF = YES;
				CLANG_WARN_OBJC_LITERAL_CONVERSION = YES;
				CLANG_WARN_OBJC_ROOT_CLASS = YES_ERROR;
				CLANG_WARN_QUOTED_INCLUDE_IN_FRAMEWORK_HEADER = YES;
				CLANG_WARN_RANGE_LOOP_ANALYSIS = YES;
				CLANG_WARN_STRICT_PROTOTYPES = YES;
				CLANG_WARN_SUSPICIOUS_MOVE = YES;
				CLANG_WARN_UNGUARDED_AVAILABILITY = YES_AGGRESSIVE;
				CLANG_WARN_UNREACHABLE_CODE = YES;
				CLANG_WARN__DUPLICATE_METHOD_MATCH = YES;
				COPY_PHASE_STRIP = NO;
				DEBUG_INFORMATION_FORMAT = dwarf;
				DEVELOPMENT_TEAM = H4HJ56S3N2;
				ENABLE_STRICT_OBJC_MSGSEND = YES;
				ENABLE_TESTABILITY = YES;
				ENABLE_USER_SCRIPT_SANDBOXING = YES;
				GCC_C_LANGUAGE_STANDARD = gnu17;
				GCC_DYNAMIC_NO_PIC = NO;
				GCC_NO_COMMON_BLOCKS = YES;
				GCC_OPTIMIZATION_LEVEL = 0;
				GCC_PREPROCESSOR_DEFINITIONS = (
					"DEBUG=1",
					"$(inherited)",
				);
				GCC_WARN_64_TO_32_BIT_CONVERSION = YES;
				GCC_WARN_ABOUT_RETURN_TYPE = YES_ERROR;
				GCC_WARN_UNDECLARED_SELECTOR = YES;
				GCC_WARN_UNINITIALIZED_AUTOS = YES_AGGRESSIVE;
				GCC_WARN_UNUSED_FUNCTION = YES;
				GCC_WARN_UNUSED_VARIABLE = YES;
				IPHONEOS_DEPLOYMENT_TARGET = 18.4;
				LOCALIZATION_PREFERS_STRING_CATALOGS = YES;
				MTL_ENABLE_DEBUG_INFO = INCLUDE_SOURCE;
				MTL_FAST_MATH = YES;
				ONLY_ACTIVE_ARCH = YES;
				SDKROOT = iphoneos;
				SWIFT_ACTIVE_COMPILATION_CONDITIONS = "DEBUG $(inherited)";
				SWIFT_OPTIMIZATION_LEVEL = "-Onone";
			};
			name = Debug;
		};
		284B14262DFA99C800F11465 /* Release */ = {
			isa = XCBuildConfiguration;
			buildSettings = {
				ALWAYS_SEARCH_USER_PATHS = NO;
				ASSETCATALOG_COMPILER_GENERATE_SWIFT_ASSET_SYMBOL_EXTENSIONS = YES;
				CLANG_ANALYZER_NONNULL = YES;
				CLANG_ANALYZER_NUMBER_OBJECT_CONVERSION = YES_AGGRESSIVE;
				CLANG_CXX_LANGUAGE_STANDARD = "gnu++20";
				CLANG_ENABLE_MODULES = YES;
				CLANG_ENABLE_OBJC_ARC = YES;
				CLANG_ENABLE_OBJC_WEAK = YES;
				CLANG_WARN_BLOCK_CAPTURE_AUTORELEASING = YES;
				CLANG_WARN_BOOL_CONVERSION = YES;
				CLANG_WARN_COMMA = YES;
				CLANG_WARN_CONSTANT_CONVERSION = YES;
				CLANG_WARN_DEPRECATED_OBJC_IMPLEMENTATIONS = YES;
				CLANG_WARN_DIRECT_OBJC_ISA_USAGE = YES_ERROR;
				CLANG_WARN_DOCUMENTATION_COMMENTS = YES;
				CLANG_WARN_EMPTY_BODY = YES;
				CLANG_WARN_ENUM_CONVERSION = YES;
				CLANG_WARN_INFINITE_RECURSION = YES;
				CLANG_WARN_INT_CONVERSION = YES;
				CLANG_WARN_NON_LITERAL_NULL_CONVERSION = YES;
				CLANG_WARN_OBJC_IMPLICIT_RETAIN_SELF = YES;
				CLANG_WARN_OBJC_LITERAL_CONVERSION = YES;
				CLANG_WARN_OBJC_ROOT_CLASS = YES_ERROR;
				CLANG_WARN_QUOTED_INCLUDE_IN_FRAMEWORK_HEADER = YES;
				CLANG_WARN_RANGE_LOOP_ANALYSIS = YES;
				CLANG_WARN_STRICT_PROTOTYPES = YES;
				CLANG_WARN_SUSPICIOUS_MOVE = YES;
				CLANG_WARN_UNGUARDED_AVAILABILITY = YES_AGGRESSIVE;
				CLANG_WARN_UNREACHABLE_CODE = YES;
				CLANG_WARN__DUPLICATE_METHOD_MATCH = YES;
				COPY_PHASE_STRIP = NO;
				DEBUG_INFORMATION_FORMAT = "dwarf-with-dsym";
				DEVELOPMENT_TEAM = H4HJ56S3N2;
				ENABLE_NS_ASSERTIONS = NO;
				ENABLE_STRICT_OBJC_MSGSEND = YES;
				ENABLE_USER_SCRIPT_SANDBOXING = YES;
				GCC_C_LANGUAGE_STANDARD = gnu17;
				GCC_NO_COMMON_BLOCKS = YES;
				GCC_WARN_64_TO_32_BIT_CONVERSION = YES;
				GCC_WARN_ABOUT_RETURN_TYPE = YES_ERROR;
				GCC_WARN_UNDECLARED_SELECTOR = YES;
				GCC_WARN_UNINITIALIZED_AUTOS = YES_AGGRESSIVE;
				GCC_WARN_UNUSED_FUNCTION = YES;
				GCC_WARN_UNUSED_VARIABLE = YES;
				IPHONEOS_DEPLOYMENT_TARGET = 18.4;
				LOCALIZATION_PREFERS_STRING_CATALOGS = YES;
				MTL_ENABLE_DEBUG_INFO = NO;
				MTL_FAST_MATH = YES;
				SDKROOT = iphoneos;
				SWIFT_COMPILATION_MODE = wholemodule;
				VALIDATE_PRODUCT = YES;
			};
			name = Release;
		};
		284B14282DFA99C800F11465 /* Debug */ = {
			isa = XCBuildConfiguration;
			buildSettings = {
				ASSETCATALOG_COMPILER_APPICON_NAME = AppIcon;
				ASSETCATALOG_COMPILER_GLOBAL_ACCENT_COLOR_NAME = AccentColor;
				CODE_SIGN_STYLE = Automatic;
				CURRENT_PROJECT_VERSION = 1;
				DEVELOPMENT_TEAM = H4HJ56S3N2;
				ENABLE_PREVIEWS = YES;
				GENERATE_INFOPLIST_FILE = YES;
				INFOPLIST_KEY_UIApplicationSceneManifest_Generation = YES;
				INFOPLIST_KEY_UIApplicationSupportsIndirectInputEvents = YES;
				INFOPLIST_KEY_UILaunchScreen_Generation = YES;
				INFOPLIST_KEY_UISupportedInterfaceOrientations_iPad = "UIInterfaceOrientationPortrait UIInterfaceOrientationPortraitUpsideDown UIInterfaceOrientationLandscapeLeft UIInterfaceOrientationLandscapeRight";
				INFOPLIST_KEY_UISupportedInterfaceOrientations_iPhone = "UIInterfaceOrientationPortrait UIInterfaceOrientationLandscapeLeft UIInterfaceOrientationLandscapeRight";
				LD_RUNPATH_SEARCH_PATHS = (
					"$(inherited)",
					"@executable_path/Frameworks",
				);
				MARKETING_VERSION = 1.0;
				PRODUCT_BUNDLE_IDENTIFIER = com.HisnameisSky.Landmark;
				PRODUCT_NAME = "$(TARGET_NAME)";
				SWIFT_EMIT_LOC_STRINGS = YES;
				SWIFT_VERSION = 5.0;
				TARGETED_DEVICE_FAMILY = "1,2";
			};
			name = Debug;
		};
		284B14292DFA99C800F11465 /* Release */ = {
			isa = XCBuildConfiguration;
			buildSettings = {
				ASSETCATALOG_COMPILER_APPICON_NAME = AppIcon;
				ASSETCATALOG_COMPILER_GLOBAL_ACCENT_COLOR_NAME = AccentColor;
				CODE_SIGN_STYLE = Automatic;
				CURRENT_PROJECT_VERSION = 1;
				DEVELOPMENT_TEAM = H4HJ56S3N2;
				ENABLE_PREVIEWS = YES;
				GENERATE_INFOPLIST_FILE = YES;
				INFOPLIST_KEY_UIApplicationSceneManifest_Generation = YES;
				INFOPLIST_KEY_UIApplicationSupportsIndirectInputEvents = YES;
				INFOPLIST_KEY_UILaunchScreen_Generation = YES;
				INFOPLIST_KEY_UISupportedInterfaceOrientations_iPad = "UIInterfaceOrientationPortrait UIInterfaceOrientationPortraitUpsideDown UIInterfaceOrientationLandscapeLeft UIInterfaceOrientationLandscapeRight";
				INFOPLIST_KEY_UISupportedInterfaceOrientations_iPhone = "UIInterfaceOrientationPortrait UIInterfaceOrientationLandscapeLeft UIInterfaceOrientationLandscapeRight";
				LD_RUNPATH_SEARCH_PATHS = (
					"$(inherited)",
					"@executable_path/Frameworks",
				);
				MARKETING_VERSION = 1.0;
				PRODUCT_BUNDLE_IDENTIFIER = com.HisnameisSky.Landmark;
				PRODUCT_NAME = "$(TARGET_NAME)";
				SWIFT_EMIT_LOC_STRINGS = YES;
				SWIFT_VERSION = 5.0;
				TARGETED_DEVICE_FAMILY = "1,2";
			};
			name = Release;
		};
/* End XCBuildConfiguration section */

/* Begin XCConfigurationList section */
		281CA7032DFED28C00AD3DDE /* Build configuration list for PBXNativeTarget "WatchLandmarks Watch App" */ = {
			isa = XCConfigurationList;
			buildConfigurations = (
				281CA7042DFED28C00AD3DDE /* Debug */,
				281CA7052DFED28C00AD3DDE /* Release */,
			);
			defaultConfigurationIsVisible = 0;
			defaultConfigurationName = Release;
		};
		282E63672DFEF1D300FD6C60 /* Build configuration list for PBXNativeTarget "MacLandmarks" */ = {
			isa = XCConfigurationList;
			buildConfigurations = (
				282E63682DFEF1D300FD6C60 /* Debug */,
				282E63692DFEF1D300FD6C60 /* Release */,
			);
			defaultConfigurationIsVisible = 0;
			defaultConfigurationName = Release;
		};
		284B14172DFA99C700F11465 /* Build configuration list for PBXProject "Landmark" */ = {
			isa = XCConfigurationList;
			buildConfigurations = (
				284B14252DFA99C800F11465 /* Debug */,
				284B14262DFA99C800F11465 /* Release */,
			);
			defaultConfigurationIsVisible = 0;
			defaultConfigurationName = Release;
		};
		284B14272DFA99C800F11465 /* Build configuration list for PBXNativeTarget "Landmark" */ = {
			isa = XCConfigurationList;
			buildConfigurations = (
				284B14282DFA99C800F11465 /* Debug */,
				284B14292DFA99C800F11465 /* Release */,
			);
			defaultConfigurationIsVisible = 0;
			defaultConfigurationName = Release;
		};
/* End XCConfigurationList section */
	};
	rootObject = 284B14142DFA99C700F11465 /* Project object */;
}
